
Microsoft Visual Studio Solution File, Format Version 12.00
# Visual Studio Version 16
VisualStudioVersion = 16.0.29613.14
MinimumVisualStudioVersion = 10.0.40219.1
Project("{9A19103F-16F7-4668-BE54-9A1E7A4F7556}") = "MallAPI", "MallAPI\MallAPI.csproj", "{5988E313-DE1C-41E5-B23B-2920EEE395EC}"
EndProject
Project("{9A19103F-16F7-4668-BE54-9A1E7A4F7556}") = "Rabbitmq", "Rabbitmq\Rabbitmq.csproj", "{0943C823-EBF2-4566-AE4A-7252814530CE}"
EndProject
Project("{9A19103F-16F7-4668-BE54-9A1E7A4F7556}") = "Redis", "Redis\Redis.csproj", "{A4B6F533-DF0B-401C-8F66-D22BB9E27D51}"
EndProject
Global
	GlobalSection(SolutionConfigurationPlatforms) = preSolution
		Debug|Any CPU = Debug|Any CPU
		Release|Any CPU = Release|Any CPU
	EndGlobalSection
	GlobalSection(ProjectConfigurationPlatforms) = postSolution
		{5988E313-DE1C-41E5-B23B-2920EEE395EC}.Debug|Any CPU.ActiveCfg = Debug|Any CPU
		{5988E313-DE1C-41E5-B23B-2920EEE395EC}.Debug|Any CPU.Build.0 = Debug|Any CPU
		{5988E313-DE1C-41E5-B23B-2920EEE395EC}.Release|Any CPU.ActiveCfg = Release|Any CPU
		{5988E313-DE1C-41E5-B23B-2920EEE395EC}.Release|Any CPU.Build.0 = Release|Any CPU
		{0943C823-EBF2-4566-AE4A-7252814530CE}.Debug|Any CPU.ActiveCfg = Debug|Any CPU
		{0943C823-EBF2-4566-AE4A-7252814530CE}.Debug|Any CPU.Build.0 = Debug|Any CPU
		{0943C823-EBF2-4566-AE4A-7252814530CE}.Release|Any CPU.ActiveCfg = Release|Any CPU
		{0943C823-EBF2-4566-AE4A-7252814530CE}.Release|Any CPU.Build.0 = Release|Any CPU
		{A4B6F533-DF0B-401C-8F66-D22BB9E27D51}.Debug|Any CPU.ActiveCfg = Debug|Any CPU
		{A4B6F533-DF0B-401C-8F66-D22BB9E27D51}.Debug|Any CPU.Build.0 = Debug|Any CPU
		{A4B6F533-DF0B-401C-8F66-D22BB9E27D51}.Release|Any CPU.ActiveCfg = Release|Any CPU
		{A4B6F533-DF0B-401C-8F66-D22BB9E27D51}.Release|Any CPU.Build.0 = Release|Any CPU
	EndGlobalSection
	GlobalSection(SolutionProperties) = preSolution
		HideSolutionNode = FALSE
	EndGlobalSection
	GlobalSection(ExtensibilityGlobals) = postSolution
		SolutionGuid = {4CF0BC12-3FE1-4F19-822A-186368B24B37}
	EndGlobalSection
EndGlobal
